
Microsoft Visual Studio Solution File, Format Version 12.00
# Visual Studio 15
VisualStudioVersion = 15.0.27004.2002
MinimumVisualStudioVersion = 10.0.40219.1
Project("{FAE04EC0-301F-11D3-BF4B-00C04F79EFBC}") = "DryIoC", "DryIoC\DryIoC.csproj", "{45D1183E-C879-4052-946B-B2C9BE4DB5ED}"
EndProject
Global
	GlobalSection(SolutionConfigurationPlatforms) = preSolution
		Debug|Any CPU = Debug|Any CPU
		Release|Any CPU = Release|Any CPU
	EndGlobalSection
	GlobalSection(ProjectConfigurationPlatforms) = postSolution
		{45D1183E-C879-4052-946B-B2C9BE4DB5ED}.Debug|Any CPU.ActiveCfg = Debug|Any CPU
		{45D1183E-C879-4052-946B-B2C9BE4DB5ED}.Debug|Any CPU.Build.0 = Debug|Any CPU
		{45D1183E-C879-4052-946B-B2C9BE4DB5ED}.Release|Any CPU.ActiveCfg = Release|Any CPU
		{45D1183E-C879-4052-946B-B2C9BE4DB5ED}.Release|Any CPU.Build.0 = Release|Any CPU
	EndGlobalSection
	GlobalSection(SolutionProperties) = preSolution
		HideSolutionNode = FALSE
	EndGlobalSection
	GlobalSection(ExtensibilityGlobals) = postSolution
		SolutionGuid = {53FE4B30-DC93-4E43-B82F-86637A6D7085}
	EndGlobalSection
EndGlobal
